
Microsoft Visual Studio Solution File, Format Version 12.00
# Visual Studio Version 17
VisualStudioVersion = 17.13.35806.99 d17.13
MinimumVisualStudioVersion = 10.0.40219.1
Project("{FAE04EC0-301F-11D3-BF4B-00C04F79EFBC}") = "HotelManager", "HotelManager\HotelManager.csproj", "{2E7E33E4-B4AC-4F8C-9017-DD04835F6ADB}"
EndProject
Global
	GlobalSection(SolutionConfigurationPlatforms) = preSolution
		Debug|Any CPU = Debug|Any CPU
		Release|Any CPU = Release|Any CPU
	EndGlobalSection
	GlobalSection(ProjectConfigurationPlatforms) = postSolution
		{2E7E33E4-B4AC-4F8C-9017-DD04835F6ADB}.Debug|Any CPU.ActiveCfg = Debug|Any CPU
		{2E7E33E4-B4AC-4F8C-9017-DD04835F6ADB}.Debug|Any CPU.Build.0 = Debug|Any CPU
		{2E7E33E4-B4AC-4F8C-9017-DD04835F6ADB}.Release|Any CPU.ActiveCfg = Release|Any CPU
		{2E7E33E4-B4AC-4F8C-9017-DD04835F6ADB}.Release|Any CPU.Build.0 = Release|Any CPU
	EndGlobalSection
	GlobalSection(SolutionProperties) = preSolution
		HideSolutionNode = FALSE
	EndGlobalSection
	GlobalSection(ExtensibilityGlobals) = postSolution
		SolutionGuid = {E642B4E9-A965-40A0-A829-6E53AA710727}
	EndGlobalSection
EndGlobal
